
Microsoft Visual Studio Solution File, Format Version 12.00
Project("{FAE04EC0-301F-11D3-BF4B-00C04F79EFBC}") = "OliviaPrivate.ToDoApp.Console", "OliviaPrivate.ToDoApp.Console\OliviaPrivate.ToDoApp.Console.csproj", "{319C0289-0837-441A-960D-FA7B144C0CC3}"
EndProject
Global
	GlobalSection(SolutionConfigurationPlatforms) = preSolution
		Debug|Any CPU = Debug|Any CPU
		Release|Any CPU = Release|Any CPU
	EndGlobalSection
	GlobalSection(ProjectConfigurationPlatforms) = postSolution
		{319C0289-0837-441A-960D-FA7B144C0CC3}.Debug|Any CPU.ActiveCfg = Debug|Any CPU
		{319C0289-0837-441A-960D-FA7B144C0CC3}.Debug|Any CPU.Build.0 = Debug|Any CPU
		{319C0289-0837-441A-960D-FA7B144C0CC3}.Release|Any CPU.ActiveCfg = Release|Any CPU
		{319C0289-0837-441A-960D-FA7B144C0CC3}.Release|Any CPU.Build.0 = Release|Any CPU
	EndGlobalSection
EndGlobal
